
Microsoft Visual Studio Solution File, Format Version 12.00
# Visual Studio Version 17
VisualStudioVersion = 17.13.35931.197 d17.13
MinimumVisualStudioVersion = 10.0.40219.1
Project("{FAE04EC0-301F-11D3-BF4B-00C04F79EFBC}") = "Murzayanov41", "Murzayanov41.csproj", "{87A2B837-AACD-4135-B314-7D0EC7CEF06C}"
EndProject
Global
	GlobalSection(SolutionConfigurationPlatforms) = preSolution
		Debug|Any CPU = Debug|Any CPU
		Release|Any CPU = Release|Any CPU
	EndGlobalSection
	GlobalSection(ProjectConfigurationPlatforms) = postSolution
		{87A2B837-AACD-4135-B314-7D0EC7CEF06C}.Debug|Any CPU.ActiveCfg = Debug|Any CPU
		{87A2B837-AACD-4135-B314-7D0EC7CEF06C}.Debug|Any CPU.Build.0 = Debug|Any CPU
		{87A2B837-AACD-4135-B314-7D0EC7CEF06C}.Release|Any CPU.ActiveCfg = Release|Any CPU
		{87A2B837-AACD-4135-B314-7D0EC7CEF06C}.Release|Any CPU.Build.0 = Release|Any CPU
	EndGlobalSection
	GlobalSection(SolutionProperties) = preSolution
		HideSolutionNode = FALSE
	EndGlobalSection
	GlobalSection(ExtensibilityGlobals) = postSolution
		SolutionGuid = {451B0D03-48A2-40BB-9056-D5578123102A}
	EndGlobalSection
EndGlobal
